// !$*UTF8*$!
{
	archiveVersion = 1;
	classes = {
	};
	objectVersion = 46;
	objects = {

/* Begin PBXBuildFile section */
		F7DA9D041BA958340089DD37 /* main.m in Sources */ = {isa = PBXBuildFile; fileRef = F7DA9D031BA958340089DD37 /* main.m */; };
		F7DA9D071BA958340089DD37 /* AppDelegate.m in Sources */ = {isa = PBXBuildFile; fileRef = F7DA9D061BA958340089DD37 /* AppDelegate.m */; };
		F7DA9D0A1BA958340089DD37 /* ViewController.m in Sources */ = {isa = PBXBuildFile; fileRef = F7DA9D091BA958340089DD37 /* ViewController.m */; };
		F7DA9D0D1BA958340089DD37 /* Main.storyboard in Resources */ = {isa = PBXBuildFile; fileRef = F7DA9D0B1BA958340089DD37 /* Main.storyboard */; };
		F7DA9D0F1BA958340089DD37 /* Images.xcassets in Resources */ = {isa = PBXBuildFile; fileRef = F7DA9D0E1BA958340089DD37 /* Images.xcassets */; };
		F7DA9D121BA958340089DD37 /* LaunchScreen.xib in Resources */ = {isa = PBXBuildFile; fileRef = F7DA9D101BA958340089DD37 /* LaunchScreen.xib */; };
		F7DA9D1E1BA958340089DD37 /* alAppTests.m in Sources */ = {isa = PBXBuildFile; fileRef = F7DA9D1D1BA958340089DD37 /* alAppTests.m */; };
/* End PBXBuildFile section */

/* Begin PBXContainerItemProxy section */
		F7DA9D181BA958340089DD37 /* PBXContainerItemProxy */ = {
			isa = PBXContainerItemProxy;
			containerPortal = F7DA9CF61BA958330089DD37 /* Project object */;
			proxyType = 1;
			remoteGlobalIDString = F7DA9CFD1BA958330089DD37;
			remoteInfo = alApp;
		};
/* End PBXContainerItemProxy section */

/* Begin PBXFileReference section */
		F7DA9CFE1BA958330089DD37 /* alApp.app */ = {isa = PBXFileReference; explicitFileType = wrapper.application; includeInIndex = 0; path = alApp.app; sourceTree = BUILT_PRODUCTS_DIR; };
		F7DA9D021BA958340089DD37 /* Info.plist */ = {isa = PBXFileReference; lastKnownFileType = text.plist.xml; path = Info.plist; sourceTree = "<group>"; };
		F7DA9D031BA958340089DD37 /* main.m */ = {isa = PBXFileReference; lastKnownFileType = sourcecode.c.objc; path = main.m; sourceTree = "<group>"; };
		F7DA9D051BA958340089DD37 /* AppDelegate.h */ = {isa = PBXFileReference; lastKnownFileType = sourcecode.c.h; path = AppDelegate.h; sourceTree = "<group>"; };
		F7DA9D061BA958340089DD37 /* AppDelegate.m */ = {isa = PBXFileReference; lastKnownFileType = sourcecode.c.objc; path = AppDelegate.m; sourceTree = "<group>"; };
		F7DA9D081BA958340089DD37 /* ViewController.h */ = {isa = PBXFileReference; lastKnownFileType = sourcecode.c.h; path = ViewController.h; sourceTree = "<group>"; };
		F7DA9D091BA958340089DD37 /* ViewController.m */ = {isa = PBXFileReference; lastKnownFileType = sourcecode.c.objc; path = ViewController.m; sourceTree = "<group>"; };
		F7DA9D0C1BA958340089DD37 /* Base */ = {isa = PBXFileReference; lastKnownFileType = file.storyboard; name = Base; path = Base.lproj/Main.storyboard; sourceTree = "<group>"; };
		F7DA9D0E1BA958340089DD37 /* Images.xcassets */ = {isa = PBXFileReference; lastKnownFileType = folder.assetcatalog; path = Images.xcassets; sourceTree = "<group>"; };
		F7DA9D111BA958340089DD37 /* Base */ = {isa = PBXFileReference; lastKnownFileType = file.xib; name = Base; path = Base.lproj/LaunchScreen.xib; sourceTree = "<group>"; };
		F7DA9D171BA958340089DD37 /* alAppTests.xctest */ = {isa = PBXFileReference; explicitFileType = wrapper.cfbundle; includeInIndex = 0; path = alAppTests.xctest; sourceTree = BUILT_PRODUCTS_DIR; };
		F7DA9D1C1BA958340089DD37 /* Info.plist */ = {isa = PBXFileReference; lastKnownFileType = text.plist.xml; path = Info.plist; sourceTree = "<group>"; };
		F7DA9D1D1BA958340089DD37 /* alAppTests.m */ = {isa = PBXFileReference; lastKnownFileType = sourcecode.c.objc; path = alAppTests.m; sourceTree = "<group>"; };
/* End PBXFileReference section */

/* Begin PBXFrameworksBuildPhase section */
		F7DA9CFB1BA958330089DD37 /* Frameworks */ = {
			isa = PBXFrameworksBuildPhase;
			buildActionMask = 2147483647;
			files = (
			);
			runOnlyForDeploymentPostprocessing = 0;
		};
		F7DA9D141BA958340089DD37 /* Frameworks */ = {
			isa = PBXFrameworksBuildPhase;
			buildActionMask = 2147483647;
			files = (
			);
			runOnlyForDeploymentPostprocessing = 0;
		};
/* End PBXFrameworksBuildPhase section */

/* Begin PBXGroup section */
		F7DA9CF51BA958330089DD37 = {
			isa = PBXGroup;
			children = (
				F7DA9D001BA958330089DD37 /* alApp */,
				F7DA9D1A1BA958340089DD37 /* alAppTests */,
				F7DA9CFF1BA958330089DD37 /* Products */,
			);
			sourceTree = "<group>";
		};
		F7DA9CFF1BA958330089DD37 /* Products */ = {
			isa = PBXGroup;
			children = (
				F7DA9CFE1BA958330089DD37 /* alApp.app */,
				F7DA9D171BA958340089DD37 /* alAppTests.xctest */,
			);
			name = Products;
			sourceTree = "<group>";
		};
		F7DA9D001BA958330089DD37 /* alApp */ = {
			isa = PBXGroup;
			children = (
				F7DA9D051BA958340089DD37 /* AppDelegate.h */,
				F7DA9D061BA958340089DD37 /* AppDelegate.m */,
				F7DA9D081BA958340089DD37 /* ViewController.h */,
				F7DA9D091BA958340089DD37 /* ViewController.m */,
				F7DA9D0B1BA958340089DD37 /* Main.storyboard */,
				F7DA9D0E1BA958340089DD37 /* Images.xcassets */,
				F7DA9D101BA958340089DD37 /* LaunchScreen.xib */,
				F7DA9D011BA958340089DD37 /* Supporting Files */,
			);
			path = alApp;
			sourceTree = "<group>";
		};
		F7DA9D011BA958340089DD37 /* Supporting Files */ = {
			isa = PBXGroup;
			children = (
				F7DA9D021BA958340089DD37 /* Info.plist */,
				F7DA9D031BA958340089DD37 /* main.m */,
			);
			name = "Supporting Files";
			sourceTree = "<group>";
		};
		F7DA9D1A1BA958340089DD37 /* alAppTests */ = {
			isa = PBXGroup;
			children = (
				F7DA9D1D1BA958340089DD37 /* alAppTests.m */,
				F7DA9D1B1BA958340089DD37 /* Supporting Files */,
			);
			path = alAppTests;
			sourceTree = "<group>";
		};
		F7DA9D1B1BA958340089DD37 /* Supporting Files */ = {
			isa = PBXGroup;
			children = (
				F7DA9D1C1BA958340089DD37 /* Info.plist */,
			);
			name = "Supporting Files";
			sourceTree = "<group>";
		};
/* End PBXGroup section */

/* Begin PBXNativeTarget section */
		F7DA9CFD1BA958330089DD37 /* alApp */ = {
			isa = PBXNativeTarget;
			buildConfigurationList = F7DA9D211BA958340089DD37 /* Build configuration list for PBXNativeTarget "alApp" */;
			buildPhases = (
				F7DA9CFA1BA958330089DD37 /* Sources */,
				F7DA9CFB1BA958330089DD37 /* Frameworks */,
				F7DA9CFC1BA958330089DD37 /* Resources */,
			);
			buildRules = (
			);
			dependencies = (
			);
			name = alApp;
			productName = alApp;
			productReference = F7DA9CFE1BA958330089DD37 /* alApp.app */;
			productType = "com.apple.product-type.application";
		};
		F7DA9D161BA958340089DD37 /* alAppTests */ = {
			isa = PBXNativeTarget;
			buildConfigurationList = F7DA9D241BA958340089DD37 /* Build configuration list for PBXNativeTarget "alAppTests" */;
			buildPhases = (
				F7DA9D131BA958340089DD37 /* Sources */,
				F7DA9D141BA958340089DD37 /* Frameworks */,
				F7DA9D151BA958340089DD37 /* Resources */,
			);
			buildRules = (
			);
			dependencies = (
				F7DA9D191BA958340089DD37 /* PBXTargetDependency */,
			);
			name = alAppTests;
			productName = alAppTests;
			productReference = F7DA9D171BA958340089DD37 /* alAppTests.xctest */;
			productType = "com.apple.product-type.bundle.unit-test";
		};
/* End PBXNativeTarget section */

/* Begin PBXProject section */
		F7DA9CF61BA958330089DD37 /* Project object */ = {
			isa = PBXProject;
			attributes = {
				LastUpgradeCheck = 0610;
				ORGANIZATIONNAME = "Nitin Nikam";
				TargetAttributes = {
					F7DA9CFD1BA958330089DD37 = {
						CreatedOnToolsVersion = 6.1.1;
					};
					F7DA9D161BA958340089DD37 = {
						CreatedOnToolsVersion = 6.1.1;
						TestTargetID = F7DA9CFD1BA958330089DD37;
					};
				};
			};
			buildConfigurationList = F7DA9CF91BA958330089DD37 /* Build configuration list for PBXProject "alApp" */;
			compatibilityVersion = "Xcode 3.2";
			developmentRegion = English;
			hasScannedForEncodings = 0;
			knownRegions = (
				en,
				Base,
			);
			mainGroup = F7DA9CF51BA958330089DD37;
			productRefGroup = F7DA9CFF1BA958330089DD37 /* Products */;
			projectDirPath = "";
			projectRoot = "";
			targets = (
				F7DA9CFD1BA958330089DD37 /* alApp */,
				F7DA9D161BA958340089DD37 /* alAppTests */,
			);
		};
/* End PBXProject section */

/* Begin PBXResourcesBuildPhase section */
		F7DA9CFC1BA958330089DD37 /* Resources */ = {
			isa = PBXResourcesBuildPhase;
			buildActionMask = 2147483647;
			files = (
				F7DA9D0D1BA958340089DD37 /* Main.storyboard in Resources */,
				F7DA9D121BA958340089DD37 /* LaunchScreen.xib in Resources */,
				F7DA9D0F1BA958340089DD37 /* Images.xcassets in Resources */,
			);
			runOnlyForDeploymentPostprocessing = 0;
		};
		F7DA9D151BA958340089DD37 /* Resources */ = {
			isa = PBXResourcesBuildPhase;
			buildActionMask = 2147483647;
			files = (
			);
			runOnlyForDeploymentPostprocessing = 0;
		};
/* End PBXResourcesBuildPhase section */

/* Begin PBXSourcesBuildPhase section */
		F7DA9CFA1BA958330089DD37 /* Sources */ = {
			isa = PBXSourcesBuildPhase;
			buildActionMask = 2147483647;
			files = (
				F7DA9D0A1BA958340089DD37 /* ViewController.m in Sources */,
				F7DA9D071BA958340089DD37 /* AppDelegate.m in Sources */,
				F7DA9D041BA958340089DD37 /* main.m in Sources */,
			);
			runOnlyForDeploymentPostprocessing = 0;
		};
		F7DA9D131BA958340089DD37 /* Sources */ = {
			isa = PBXSourcesBuildPhase;
			buildActionMask = 2147483647;
			files = (
				F7DA9D1E1BA958340089DD37 /* alAppTests.m in Sources */,
			);
			runOnlyForDeploymentPostprocessing = 0;
		};
/* End PBXSourcesBuildPhase section */

/* Begin PBXTargetDependency section */
		F7DA9D191BA958340089DD37 /* PBXTargetDependency */ = {
			isa = PBXTargetDependency;
			target = F7DA9CFD1BA958330089DD37 /* alApp */;
			targetProxy = F7DA9D181BA958340089DD37 /* PBXContainerItemProxy */;
		};
/* End PBXTargetDependency section */

/* Begin PBXVariantGroup section */
		F7DA9D0B1BA958340089DD37 /* Main.storyboard */ = {
			isa = PBXVariantGroup;
			children = (
				F7DA9D0C1BA958340089DD37 /* Base */,
			);
			name = Main.storyboard;
			sourceTree = "<group>";
		};
		F7DA9D101BA958340089DD37 /* LaunchScreen.xib */ = {
			isa = PBXVariantGroup;
			children = (
				F7DA9D111BA958340089DD37 /* Base */,
			);
			name = LaunchScreen.xib;
			sourceTree = "<group>";
		};
/* End PBXVariantGroup section */

/* Begin XCBuildConfiguration section */
		F7DA9D1F1BA958340089DD37 /* Debug */ = {
			isa = XCBuildConfiguration;
			buildSettings = {
				ALWAYS_SEARCH_USER_PATHS = NO;
				CLANG_CXX_LANGUAGE_STANDARD = "gnu++0x";
				CLANG_CXX_LIBRARY = "libc++";
				CLANG_ENABLE_MODULES = YES;
				CLANG_ENABLE_OBJC_ARC = YES;
				CLANG_WARN_BOOL_CONVERSION = YES;
				CLANG_WARN_CONSTANT_CONVERSION = YES;
				CLANG_WARN_DIRECT_OBJC_ISA_USAGE = YES_ERROR;
				CLANG_WARN_EMPTY_BODY = YES;
				CLANG_WARN_ENUM_CONVERSION = YES;
				CLANG_WARN_INT_CONVERSION = YES;
				CLANG_WARN_OBJC_ROOT_CLASS = YES_ERROR;
				CLANG_WARN_UNREACHABLE_CODE = YES;
				CLANG_WARN__DUPLICATE_METHOD_MATCH = YES;
				"CODE_SIGN_IDENTITY[sdk=iphoneos*]" = "iPhone Developer";
				COPY_PHASE_STRIP = NO;
				ENABLE_STRICT_OBJC_MSGSEND = YES;
				GCC_C_LANGUAGE_STANDARD = gnu99;
				GCC_DYNAMIC_NO_PIC = NO;
				GCC_OPTIMIZATION_LEVEL = 0;
				GCC_PREPROCESSOR_DEFINITIONS = (
					"DEBUG=1",
					"$(inherited)",
				);
				GCC_SYMBOLS_PRIVATE_EXTERN = NO;
				GCC_WARN_64_TO_32_BIT_CONVERSION = YES;
				GCC_WARN_ABOUT_RETURN_TYPE = YES_ERROR;
				GCC_WARN_UNDECLARED_SELECTOR = YES;
				GCC_WARN_UNINITIALIZED_AUTOS = YES_AGGRESSIVE;
				GCC_WARN_UNUSED_FUNCTION = YES;
				GCC_WARN_UNUSED_VARIABLE = YES;
				IPHONEOS_DEPLOYMENT_TARGET = 8.1;
				MTL_ENABLE_DEBUG_INFO = YES;
				ONLY_ACTIVE_ARCH = YES;
				SDKROOT = iphoneos;
			};
			name = Debug;
		};
		F7DA9D201BA958340089DD37 /* Release */ = {
			isa = XCBuildConfiguration;
			buildSettings = {
				ALWAYS_SEARCH_USER_PATHS = NO;
				CLANG_CXX_LANGUAGE_STANDARD = "gnu++0x";
				CLANG_CXX_LIBRARY = "libc++";
				CLANG_ENABLE_MODULES = YES;
				CLANG_ENABLE_OBJC_ARC = YES;
				CLANG_WARN_BOOL_CONVERSION = YES;
				CLANG_WARN_CONSTANT_CONVERSION = YES;
				CLANG_WARN_DIRECT_OBJC_ISA_USAGE = YES_ERROR;
				CLANG_WARN_EMPTY_BODY = YES;
				CLANG_WARN_ENUM_CONVERSION = YES;
				CLANG_WARN_INT_CONVERSION = YES;
				CLANG_WARN_OBJC_ROOT_CLASS = YES_ERROR;
				CLANG_WARN_UNREACHABLE_CODE = YES;
				CLANG_WARN__DUPLICATE_METHOD_MATCH = YES;
				"CODE_SIGN_IDENTITY[sdk=iphoneos*]" = "iPhone Developer";
				COPY_PHASE_STRIP = YES;
				ENABLE_NS_ASSERTIONS = NO;
				ENABLE_STRICT_OBJC_MSGSEND = YES;
				GCC_C_LANGUAGE_STANDARD = gnu99;
				GCC_WARN_64_TO_32_BIT_CONVERSION = YES;
				GCC_WARN_ABOUT_RETURN_TYPE = YES_ERROR;
				GCC_WARN_UNDECLARED_SELECTOR = YES;
				GCC_WARN_UNINITIALIZED_AUTOS = YES_AGGRESSIVE;
				GCC_WARN_UNUSED_FUNCTION = YES;
				GCC_WARN_UNUSED_VARIABLE = YES;
				IPHONEOS_DEPLOYMENT_TARGET = 8.1;
				MTL_ENABLE_DEBUG_INFO = NO;
				SDKROOT = iphoneos;
				VALIDATE_PRODUCT = YES;
			};
			name = Release;
		};
		F7DA9D221BA958340089DD37 /* Debug */ = {
			isa = XCBuildConfiguration;
			buildSettings = {
				ASSETCATALOG_COMPILER_APPICON_NAME = AppIcon;
				INFOPLIST_FILE = alApp/Info.plist;
				LD_RUNPATH_SEARCH_PATHS = "$(inherited) @executable_path/Frameworks";
				PRODUCT_NAME = "$(TARGET_NAME)";
			};
			name = Debug;
		};
		F7DA9D231BA958340089DD37 /* Release */ = {
			isa = XCBuildConfiguration;
			buildSettings = {
				ASSETCATALOG_COMPILER_APPICON_NAME = AppIcon;
				INFOPLIST_FILE = alApp/Info.plist;
				LD_RUNPATH_SEARCH_PATHS = "$(inherited) @executable_path/Frameworks";
				PRODUCT_NAME = "$(TARGET_NAME)";
			};
			name = Release;
		};
		F7DA9D251BA958340089DD37 /* Debug */ = {
			isa = XCBuildConfiguration;
			buildSettings = {
				BUNDLE_LOADER = "$(TEST_HOST)";
				FRAMEWORK_SEARCH_PATHS = (
					"$(SDKROOT)/Developer/Library/Frameworks",
					"$(inherited)",
				);
				GCC_PREPROCESSOR_DEFINITIONS = (
					"DEBUG=1",
					"$(inherited)",
				);
				INFOPLIST_FILE = alAppTests/Info.plist;
				LD_RUNPATH_SEARCH_PATHS = "$(inherited) @executable_path/Frameworks @loader_path/Frameworks";
				PRODUCT_NAME = "$(TARGET_NAME)";
				TEST_HOST = "$(BUILT_PRODUCTS_DIR)/alApp.app/alApp";
			};
			name = Debug;
		};
		F7DA9D261BA958340089DD37 /* Release */ = {
			isa = XCBuildConfiguration;
			buildSettings = {
				BUNDLE_LOADER = "$(TEST_HOST)";
				FRAMEWORK_SEARCH_PATHS = (
					"$(SDKROOT)/Developer/Library/Frameworks",
					"$(inherited)",
				);
				INFOPLIST_FILE = alAppTests/Info.plist;
				LD_RUNPATH_SEARCH_PATHS = "$(inherited) @executable_path/Frameworks @loader_path/Frameworks";
				PRODUCT_NAME = "$(TARGET_NAME)";
				TEST_HOST = "$(BUILT_PRODUCTS_DIR)/alApp.app/alApp";
			};
			name = Release;
		};
/* End XCBuildConfiguration section */

/* Begin XCConfigurationList section */
		F7DA9CF91BA958330089DD37 /* Build configuration list for PBXProject "alApp" */ = {
			isa = XCConfigurationList;
			buildConfigurations = (
				F7DA9D1F1BA958340089DD37 /* Debug */,
				F7DA9D201BA958340089DD37 /* Release */,
			);
			defaultConfigurationIsVisible = 0;
			defaultConfigurationName = Release;
		};
		F7DA9D211BA958340089DD37 /* Build configuration list for PBXNativeTarget "alApp" */ = {
			isa = XCConfigurationList;
			buildConfigurations = (
				F7DA9D221BA958340089DD37 /* Debug */,
				F7DA9D231BA958340089DD37 /* Release */,
			);
			defaultConfigurationIsVisible = 0;
		};
		F7DA9D241BA958340089DD37 /* Build configuration list for PBXNativeTarget "alAppTests" */ = {
			isa = XCConfigurationList;
			buildConfigurations = (
				F7DA9D251BA958340089DD37 /* Debug */,
				F7DA9D261BA958340089DD37 /* Release */,
			);
			defaultConfigurationIsVisible = 0;
		};
/* End XCConfigurationList section */
	};
	rootObject = F7DA9CF61BA958330089DD37 /* Project object */;
}
